// !$*UTF8*$!
{
	archiveVersion = 1;
	classes = {
	};
	objectVersion = 46;
	objects = {

/* Begin PBXBuildFile section */
		542AF20A1F8A6DF600B1847C /* AppStoreDataSource.swift in Sources */ = {isa = PBXBuildFile; fileRef = 542AF2091F8A6DF600B1847C /* AppStoreDataSource.swift */; };
		547447551CA93C1D00F3597E /* AppDelegate.swift in Sources */ = {isa = PBXBuildFile; fileRef = 547447541CA93C1D00F3597E /* AppDelegate.swift */; };
		547447571CA93C1D00F3597E /* RootViewController.swift in Sources */ = {isa = PBXBuildFile; fileRef = 547447561CA93C1D00F3597E /* RootViewController.swift */; };
		5474475C1CA93C1D00F3597E /* Main.storyboard in Resources */ = {isa = PBXBuildFile; fileRef = 5474475A1CA93C1D00F3597E /* Main.storyboard */; };
		5474475E1CA93C1D00F3597E /* Assets.xcassets in Resources */ = {isa = PBXBuildFile; fileRef = 5474475D1CA93C1D00F3597E /* Assets.xcassets */; };
		547447611CA93C1D00F3597E /* LaunchScreen.storyboard in Resources */ = {isa = PBXBuildFile; fileRef = 5474475F1CA93C1D00F3597E /* LaunchScreen.storyboard */; };
		5474479F1CA93D9900F3597E /* GenericDataSource.framework in Frameworks */ = {isa = PBXBuildFile; fileRef = 5474478B1CA93D1500F3597E /* GenericDataSource.framework */; };
		5494070C1CB12D23007C565D /* ColorsCollectionVIewController.swift in Sources */ = {isa = PBXBuildFile; fileRef = 5494070B1CB12D23007C565D /* ColorsCollectionVIewController.swift */; };
		5494070F1CB14235007C565D /* ColorsDataSource.swift in Sources */ = {isa = PBXBuildFile; fileRef = 5494070E1CB14235007C565D /* ColorsDataSource.swift */; };
		549407111CB14C14007C565D /* Service.swift in Sources */ = {isa = PBXBuildFile; fileRef = 549407101CB14C14007C565D /* Service.swift */; };
		549407131CB14C85007C565D /* Model.swift in Sources */ = {isa = PBXBuildFile; fileRef = 549407121CB14C85007C565D /* Model.swift */; };
		549407151CB14F50007C565D /* SingleSectionTableViewController.swift in Sources */ = {isa = PBXBuildFile; fileRef = 549407141CB14F50007C565D /* SingleSectionTableViewController.swift */; };
		549407171CB14F9B007C565D /* ContactsDataSource.swift in Sources */ = {isa = PBXBuildFile; fileRef = 549407161CB14F9B007C565D /* ContactsDataSource.swift */; };
		5494071C1CB197D4007C565D /* MultipleSectionsTableViewController.swift in Sources */ = {isa = PBXBuildFile; fileRef = 5494071B1CB197D4007C565D /* MultipleSectionsTableViewController.swift */; };
		5494071E1CB19998007C565D /* ContactCollectionViewCell.swift in Sources */ = {isa = PBXBuildFile; fileRef = 5494071D1CB19998007C565D /* ContactCollectionViewCell.swift */; };
		549407211CB19BF6007C565D /* AlertNameSelectionHandler.swift in Sources */ = {isa = PBXBuildFile; fileRef = 549407201CB19BF6007C565D /* AlertNameSelectionHandler.swift */; };
		549407231CB1A8D7007C565D /* MultipleAndSingleSectionsCollectionViewController.swift in Sources */ = {isa = PBXBuildFile; fileRef = 549407221CB1A8D7007C565D /* MultipleAndSingleSectionsCollectionViewController.swift */; };
		549407251CB1A94B007C565D /* TitleCollectionViewCell.swift in Sources */ = {isa = PBXBuildFile; fileRef = 549407241CB1A94B007C565D /* TitleCollectionViewCell.swift */; };
		549407271CB1AB24007C565D /* TitleDataSource.swift in Sources */ = {isa = PBXBuildFile; fileRef = 549407261CB1AB24007C565D /* TitleDataSource.swift */; };
		5CA3C9211E926F6500996612 /* ContactCollectionViewCell.xib in Resources */ = {isa = PBXBuildFile; fileRef = 5CA3C9201E926F6500996612 /* ContactCollectionViewCell.xib */; };
		5CA3C9251E92719200996612 /* ColorCollectionViewCell.swift in Sources */ = {isa = PBXBuildFile; fileRef = 5CA3C9241E92719200996612 /* ColorCollectionViewCell.swift */; };
		5CA3C9271E9271BC00996612 /* BasicTableViewCell.swift in Sources */ = {isa = PBXBuildFile; fileRef = 5CA3C9261E9271BC00996612 /* BasicTableViewCell.swift */; };
		5CA3C9291E92722000996612 /* ContactTableViewCell.swift in Sources */ = {isa = PBXBuildFile; fileRef = 5CA3C9281E92722000996612 /* ContactTableViewCell.swift */; };
		5CA3C92B1E92726D00996612 /* ColorTableViewCell.swift in Sources */ = {isa = PBXBuildFile; fileRef = 5CA3C92A1E92726D00996612 /* ColorTableViewCell.swift */; };
		5CA3C92D1E92730700996612 /* TitleCollectionViewCell.xib in Resources */ = {isa = PBXBuildFile; fileRef = 5CA3C92C1E92730700996612 /* TitleCollectionViewCell.xib */; };
		5CA3C92F1E92752C00996612 /* AppStoreViewController.swift in Sources */ = {isa = PBXBuildFile; fileRef = 5CA3C92E1E92752C00996612 /* AppStoreViewController.swift */; };
		5CA3C9341E92768B00996612 /* AppStoreFeaturedSectionTableViewCell.swift in Sources */ = {isa = PBXBuildFile; fileRef = 5CA3C9321E92768B00996612 /* AppStoreFeaturedSectionTableViewCell.swift */; };
		5CA3C9351E92768B00996612 /* AppStoreFeaturedSectionTableViewCell.xib in Resources */ = {isa = PBXBuildFile; fileRef = 5CA3C9331E92768B00996612 /* AppStoreFeaturedSectionTableViewCell.xib */; };
		5CA3C9381E92770D00996612 /* AppStoreModels.swift in Sources */ = {isa = PBXBuildFile; fileRef = 5CA3C9371E92770D00996612 /* AppStoreModels.swift */; };
		5CA3C93C1E92785B00996612 /* AppStoreQuickLinkLabelTableViewCell.swift in Sources */ = {isa = PBXBuildFile; fileRef = 5CA3C93A1E92785B00996612 /* AppStoreQuickLinkLabelTableViewCell.swift */; };
		5CA3C93D1E92785B00996612 /* AppStoreQuickLinkLabelTableViewCell.xib in Resources */ = {isa = PBXBuildFile; fileRef = 5CA3C93B1E92785B00996612 /* AppStoreQuickLinkLabelTableViewCell.xib */; };
		5CA3C93F1E9278B900996612 /* AppStoreQuickLinkTableViewCell.swift in Sources */ = {isa = PBXBuildFile; fileRef = 5CA3C93E1E9278B900996612 /* AppStoreQuickLinkTableViewCell.swift */; };
		5CA3C9411E9278F100996612 /* AppStoreQuickLinkTableViewCell.xib in Resources */ = {isa = PBXBuildFile; fileRef = 5CA3C9401E9278F100996612 /* AppStoreQuickLinkTableViewCell.xib */; };
		5CA3C9441E92796200996612 /* AppStoreFooterTableViewCell.swift in Sources */ = {isa = PBXBuildFile; fileRef = 5CA3C9421E92796200996612 /* AppStoreFooterTableViewCell.swift */; };
		5CA3C9451E92796200996612 /* AppStoreFooterTableViewCell.xib in Resources */ = {isa = PBXBuildFile; fileRef = 5CA3C9431E92796200996612 /* AppStoreFooterTableViewCell.xib */; };
		5CA3C9481E927B2D00996612 /* AppStoreFeaturedAppCollectionViewCell.swift in Sources */ = {isa = PBXBuildFile; fileRef = 5CA3C9461E927B2D00996612 /* AppStoreFeaturedAppCollectionViewCell.swift */; };
		5CA3C9491E927B2D00996612 /* AppStoreFeaturedAppCollectionViewCell.xib in Resources */ = {isa = PBXBuildFile; fileRef = 5CA3C9471E927B2D00996612 /* AppStoreFeaturedAppCollectionViewCell.xib */; };
		5CA3C94C1E92864700996612 /* AppStoreLoadingTableViewCell.swift in Sources */ = {isa = PBXBuildFile; fileRef = 5CA3C94A1E92864700996612 /* AppStoreLoadingTableViewCell.swift */; };
		5CA3C94D1E92864700996612 /* AppStoreLoadingTableViewCell.xib in Resources */ = {isa = PBXBuildFile; fileRef = 5CA3C94B1E92864700996612 /* AppStoreLoadingTableViewCell.xib */; };
/* End PBXBuildFile section */

/* Begin PBXContainerItemProxy section */
		5474478A1CA93D1500F3597E /* PBXContainerItemProxy */ = {
			isa = PBXContainerItemProxy;
			containerPortal = 547447851CA93D1500F3597E /* GenericDataSource.xcodeproj */;
			proxyType = 2;
			remoteGlobalIDString = 549576041C6FBA9400E9C26C;
			remoteInfo = GenericDataSource;
		};
		5474478C1CA93D1500F3597E /* PBXContainerItemProxy */ = {
			isa = PBXContainerItemProxy;
			containerPortal = 547447851CA93D1500F3597E /* GenericDataSource.xcodeproj */;
			proxyType = 2;
			remoteGlobalIDString = 5495760E1C6FBA9400E9C26C;
			remoteInfo = GenericDataSourceTests;
		};
/* End PBXContainerItemProxy section */

/* Begin PBXFileReference section */
		542AF2091F8A6DF600B1847C /* AppStoreDataSource.swift */ = {isa = PBXFileReference; lastKnownFileType = sourcecode.swift; path = AppStoreDataSource.swift; sourceTree = "<group>"; };
		547447511CA93C1D00F3597E /* Example.app */ = {isa = PBXFileReference; explicitFileType = wrapper.application; includeInIndex = 0; path = Example.app; sourceTree = BUILT_PRODUCTS_DIR; };
		547447541CA93C1D00F3597E /* AppDelegate.swift */ = {isa = PBXFileReference; lastKnownFileType = sourcecode.swift; path = AppDelegate.swift; sourceTree = "<group>"; };
		547447561CA93C1D00F3597E /* RootViewController.swift */ = {isa = PBXFileReference; lastKnownFileType = sourcecode.swift; path = RootViewController.swift; sourceTree = "<group>"; wrapsLines = 1; };
		5474475B1CA93C1D00F3597E /* Base */ = {isa = PBXFileReference; lastKnownFileType = file.storyboard; name = Base; path = Base.lproj/Main.storyboard; sourceTree = "<group>"; };
		5474475D1CA93C1D00F3597E /* Assets.xcassets */ = {isa = PBXFileReference; lastKnownFileType = folder.assetcatalog; path = Assets.xcassets; sourceTree = "<group>"; };
		547447601CA93C1D00F3597E /* Base */ = {isa = PBXFileReference; lastKnownFileType = file.storyboard; name = Base; path = Base.lproj/LaunchScreen.storyboard; sourceTree = "<group>"; };
		547447621CA93C1D00F3597E /* Info.plist */ = {isa = PBXFileReference; lastKnownFileType = text.plist.xml; path = Info.plist; sourceTree = "<group>"; };
		547447851CA93D1500F3597E /* GenericDataSource.xcodeproj */ = {isa = PBXFileReference; lastKnownFileType = "wrapper.pb-project"; name = GenericDataSource.xcodeproj; path = ../GenericDataSource.xcodeproj; sourceTree = "<group>"; };
		5494070B1CB12D23007C565D /* ColorsCollectionVIewController.swift */ = {isa = PBXFileReference; fileEncoding = 4; lastKnownFileType = sourcecode.swift; path = ColorsCollectionVIewController.swift; sourceTree = "<group>"; };
		5494070E1CB14235007C565D /* ColorsDataSource.swift */ = {isa = PBXFileReference; fileEncoding = 4; lastKnownFileType = sourcecode.swift; path = ColorsDataSource.swift; sourceTree = "<group>"; };
		549407101CB14C14007C565D /* Service.swift */ = {isa = PBXFileReference; fileEncoding = 4; lastKnownFileType = sourcecode.swift; path = Service.swift; sourceTree = "<group>"; };
		549407121CB14C85007C565D /* Model.swift */ = {isa = PBXFileReference; fileEncoding = 4; lastKnownFileType = sourcecode.swift; path = Model.swift; sourceTree = "<group>"; };
		549407141CB14F50007C565D /* SingleSectionTableViewController.swift */ = {isa = PBXFileReference; fileEncoding = 4; lastKnownFileType = sourcecode.swift; path = SingleSectionTableViewController.swift; sourceTree = "<group>"; };
		549407161CB14F9B007C565D /* ContactsDataSource.swift */ = {isa = PBXFileReference; fileEncoding = 4; lastKnownFileType = sourcecode.swift; path = ContactsDataSource.swift; sourceTree = "<group>"; };
		5494071B1CB197D4007C565D /* MultipleSectionsTableViewController.swift */ = {isa = PBXFileReference; fileEncoding = 4; lastKnownFileType = sourcecode.swift; path = MultipleSectionsTableViewController.swift; sourceTree = "<group>"; };
		5494071D1CB19998007C565D /* ContactCollectionViewCell.swift */ = {isa = PBXFileReference; fileEncoding = 4; lastKnownFileType = sourcecode.swift; path = ContactCollectionViewCell.swift; sourceTree = "<group>"; };
		549407201CB19BF6007C565D /* AlertNameSelectionHandler.swift */ = {isa = PBXFileReference; fileEncoding = 4; lastKnownFileType = sourcecode.swift; path = AlertNameSelectionHandler.swift; sourceTree = "<group>"; };
		549407221CB1A8D7007C565D /* MultipleAndSingleSectionsCollectionViewController.swift */ = {isa = PBXFileReference; fileEncoding = 4; lastKnownFileType = sourcecode.swift; path = MultipleAndSingleSectionsCollectionViewController.swift; sourceTree = "<group>"; };
		549407241CB1A94B007C565D /* TitleCollectionViewCell.swift */ = {isa = PBXFileReference; fileEncoding = 4; lastKnownFileType = sourcecode.swift; path = TitleCollectionViewCell.swift; sourceTree = "<group>"; };
		549407261CB1AB24007C565D /* TitleDataSource.swift */ = {isa = PBXFileReference; fileEncoding = 4; lastKnownFileType = sourcecode.swift; path = TitleDataSource.swift; sourceTree = "<group>"; };
		5CA3C9201E926F6500996612 /* ContactCollectionViewCell.xib */ = {isa = PBXFileReference; fileEncoding = 4; lastKnownFileType = file.xib; path = ContactCollectionViewCell.xib; sourceTree = "<group>"; };
		5CA3C9241E92719200996612 /* ColorCollectionViewCell.swift */ = {isa = PBXFileReference; fileEncoding = 4; lastKnownFileType = sourcecode.swift; path = ColorCollectionViewCell.swift; sourceTree = "<group>"; };
		5CA3C9261E9271BC00996612 /* BasicTableViewCell.swift */ = {isa = PBXFileReference; fileEncoding = 4; lastKnownFileType = sourcecode.swift; path = BasicTableViewCell.swift; sourceTree = "<group>"; };
		5CA3C9281E92722000996612 /* ContactTableViewCell.swift */ = {isa = PBXFileReference; fileEncoding = 4; lastKnownFileType = sourcecode.swift; path = ContactTableViewCell.swift; sourceTree = "<group>"; };
		5CA3C92A1E92726D00996612 /* ColorTableViewCell.swift */ = {isa = PBXFileReference; fileEncoding = 4; lastKnownFileType = sourcecode.swift; path = ColorTableViewCell.swift; sourceTree = "<group>"; };
		5CA3C92C1E92730700996612 /* TitleCollectionViewCell.xib */ = {isa = PBXFileReference; fileEncoding = 4; lastKnownFileType = file.xib; path = TitleCollectionViewCell.xib; sourceTree = "<group>"; };
		5CA3C92E1E92752C00996612 /* AppStoreViewController.swift */ = {isa = PBXFileReference; fileEncoding = 4; lastKnownFileType = sourcecode.swift; path = AppStoreViewController.swift; sourceTree = "<group>"; };
		5CA3C9321E92768B00996612 /* AppStoreFeaturedSectionTableViewCell.swift */ = {isa = PBXFileReference; fileEncoding = 4; lastKnownFileType = sourcecode.swift; path = AppStoreFeaturedSectionTableViewCell.swift; sourceTree = "<group>"; };
		5CA3C9331E92768B00996612 /* AppStoreFeaturedSectionTableViewCell.xib */ = {isa = PBXFileReference; fileEncoding = 4; lastKnownFileType = file.xib; path = AppStoreFeaturedSectionTableViewCell.xib; sourceTree = "<group>"; };
		5CA3C9371E92770D00996612 /* AppStoreModels.swift */ = {isa = PBXFileReference; fileEncoding = 4; lastKnownFileType = sourcecode.swift; path = AppStoreModels.swift; sourceTree = "<group>"; };
		5CA3C93A1E92785B00996612 /* AppStoreQuickLinkLabelTableViewCell.swift */ = {isa = PBXFileReference; fileEncoding = 4; lastKnownFileType = sourcecode.swift; path = AppStoreQuickLinkLabelTableViewCell.swift; sourceTree = "<group>"; };
		5CA3C93B1E92785B00996612 /* AppStoreQuickLinkLabelTableViewCell.xib */ = {isa = PBXFileReference; fileEncoding = 4; lastKnownFileType = file.xib; path = AppStoreQuickLinkLabelTableViewCell.xib; sourceTree = "<group>"; };
		5CA3C93E1E9278B900996612 /* AppStoreQuickLinkTableViewCell.swift */ = {isa = PBXFileReference; fileEncoding = 4; lastKnownFileType = sourcecode.swift; path = AppStoreQuickLinkTableViewCell.swift; sourceTree = "<group>"; };
		5CA3C9401E9278F100996612 /* AppStoreQuickLinkTableViewCell.xib */ = {isa = PBXFileReference; fileEncoding = 4; lastKnownFileType = file.xib; path = AppStoreQuickLinkTableViewCell.xib; sourceTree = "<group>"; };
		5CA3C9421E92796200996612 /* AppStoreFooterTableViewCell.swift */ = {isa = PBXFileReference; fileEncoding = 4; lastKnownFileType = sourcecode.swift; path = AppStoreFooterTableViewCell.swift; sourceTree = "<group>"; };
		5CA3C9431E92796200996612 /* AppStoreFooterTableViewCell.xib */ = {isa = PBXFileReference; fileEncoding = 4; lastKnownFileType = file.xib; path = AppStoreFooterTableViewCell.xib; sourceTree = "<group>"; };
		5CA3C9461E927B2D00996612 /* AppStoreFeaturedAppCollectionViewCell.swift */ = {isa = PBXFileReference; fileEncoding = 4; lastKnownFileType = sourcecode.swift; path = AppStoreFeaturedAppCollectionViewCell.swift; sourceTree = "<group>"; };
		5CA3C9471E927B2D00996612 /* AppStoreFeaturedAppCollectionViewCell.xib */ = {isa = PBXFileReference; fileEncoding = 4; lastKnownFileType = file.xib; path = AppStoreFeaturedAppCollectionViewCell.xib; sourceTree = "<group>"; };
		5CA3C94A1E92864700996612 /* AppStoreLoadingTableViewCell.swift */ = {isa = PBXFileReference; fileEncoding = 4; lastKnownFileType = sourcecode.swift; path = AppStoreLoadingTableViewCell.swift; sourceTree = "<group>"; };
		5CA3C94B1E92864700996612 /* AppStoreLoadingTableViewCell.xib */ = {isa = PBXFileReference; fileEncoding = 4; lastKnownFileType = file.xib; path = AppStoreLoadingTableViewCell.xib; sourceTree = "<group>"; };
/* End PBXFileReference section */

/* Begin PBXFrameworksBuildPhase section */
		5474474E1CA93C1D00F3597E /* Frameworks */ = {
			isa = PBXFrameworksBuildPhase;
			buildActionMask = 2147483647;
			files = (
				5474479F1CA93D9900F3597E /* GenericDataSource.framework in Frameworks */,
			);
			runOnlyForDeploymentPostprocessing = 0;
		};
/* End PBXFrameworksBuildPhase section */

/* Begin PBXGroup section */
		547447481CA93C1C00F3597E = {
			isa = PBXGroup;
			children = (
				547447851CA93D1500F3597E /* GenericDataSource.xcodeproj */,
				547447531CA93C1D00F3597E /* Example */,
				547447521CA93C1D00F3597E /* Products */,
			);
			sourceTree = "<group>";
		};
		547447521CA93C1D00F3597E /* Products */ = {
			isa = PBXGroup;
			children = (
				547447511CA93C1D00F3597E /* Example.app */,
			);
			name = Products;
			sourceTree = "<group>";
		};
		547447531CA93C1D00F3597E /* Example */ = {
			isa = PBXGroup;
			children = (
				5494070A1CB12B5B007C565D /* Classes */,
				549407071CB12B55007C565D /* Resources */,
			);
			path = Example;
			sourceTree = "<group>";
		};
		547447861CA93D1500F3597E /* Products */ = {
			isa = PBXGroup;
			children = (
				5474478B1CA93D1500F3597E /* GenericDataSource.framework */,
				5474478D1CA93D1500F3597E /* GenericDataSourceTests.xctest */,
			);
			name = Products;
			sourceTree = "<group>";
		};
		549407071CB12B55007C565D /* Resources */ = {
			isa = PBXGroup;
			children = (
				5474475A1CA93C1D00F3597E /* Main.storyboard */,
				5474475F1CA93C1D00F3597E /* LaunchScreen.storyboard */,
				5474475D1CA93C1D00F3597E /* Assets.xcassets */,
				547447621CA93C1D00F3597E /* Info.plist */,
			);
			name = Resources;
			sourceTree = "<group>";
		};
		5494070A1CB12B5B007C565D /* Classes */ = {
			isa = PBXGroup;
			children = (
				5CA3C9301E92754900996612 /* AppStore-Example */,
				5494071F1CB19AD2007C565D /* Cells */,
				5494071A1CB197AD007C565D /* Controllers */,
				549407191CB197A1007C565D /* DataSources */,
				549407181CB15E2A007C565D /* Model */,
				547447541CA93C1D00F3597E /* AppDelegate.swift */,
			);
			name = Classes;
			sourceTree = "<group>";
		};
		549407181CB15E2A007C565D /* Model */ = {
			isa = PBXGroup;
			children = (
				549407101CB14C14007C565D /* Service.swift */,
				549407121CB14C85007C565D /* Model.swift */,
			);
			name = Model;
			sourceTree = "<group>";
		};
		549407191CB197A1007C565D /* DataSources */ = {
			isa = PBXGroup;
			children = (
				5494070E1CB14235007C565D /* ColorsDataSource.swift */,
				549407161CB14F9B007C565D /* ContactsDataSource.swift */,
				549407261CB1AB24007C565D /* TitleDataSource.swift */,
				549407201CB19BF6007C565D /* AlertNameSelectionHandler.swift */,
			);
			name = DataSources;
			sourceTree = "<group>";
		};
		5494071A1CB197AD007C565D /* Controllers */ = {
			isa = PBXGroup;
			children = (
				547447561CA93C1D00F3597E /* RootViewController.swift */,
				5494070B1CB12D23007C565D /* ColorsCollectionVIewController.swift */,
				549407141CB14F50007C565D /* SingleSectionTableViewController.swift */,
				5494071B1CB197D4007C565D /* MultipleSectionsTableViewController.swift */,
				549407221CB1A8D7007C565D /* MultipleAndSingleSectionsCollectionViewController.swift */,
			);
			name = Controllers;
			sourceTree = "<group>";
		};
		5494071F1CB19AD2007C565D /* Cells */ = {
			isa = PBXGroup;
			children = (
				5CA3C9261E9271BC00996612 /* BasicTableViewCell.swift */,
				5CA3C9241E92719200996612 /* ColorCollectionViewCell.swift */,
				5CA3C92A1E92726D00996612 /* ColorTableViewCell.swift */,
				5494071D1CB19998007C565D /* ContactCollectionViewCell.swift */,
				5CA3C9201E926F6500996612 /* ContactCollectionViewCell.xib */,
				5CA3C9281E92722000996612 /* ContactTableViewCell.swift */,
				549407241CB1A94B007C565D /* TitleCollectionViewCell.swift */,
				5CA3C92C1E92730700996612 /* TitleCollectionViewCell.xib */,
			);
			name = Cells;
			sourceTree = "<group>";
		};
		5CA3C9301E92754900996612 /* AppStore-Example */ = {
			isa = PBXGroup;
			children = (
				5CA3C9391E92778E00996612 /* DataSources */,
				5CA3C9361E92770100996612 /* Model */,
				5CA3C9311E92764E00996612 /* cells */,
				5CA3C92E1E92752C00996612 /* AppStoreViewController.swift */,
			);
			name = "AppStore-Example";
			sourceTree = "<group>";
		};
		5CA3C9311E92764E00996612 /* cells */ = {
			isa = PBXGroup;
			children = (
				5CA3C9321E92768B00996612 /* AppStoreFeaturedSectionTableViewCell.swift */,
				5CA3C9331E92768B00996612 /* AppStoreFeaturedSectionTableViewCell.xib */,
				5CA3C93A1E92785B00996612 /* AppStoreQuickLinkLabelTableViewCell.swift */,
				5CA3C93B1E92785B00996612 /* AppStoreQuickLinkLabelTableViewCell.xib */,
				5CA3C93E1E9278B900996612 /* AppStoreQuickLinkTableViewCell.swift */,
				5CA3C9401E9278F100996612 /* AppStoreQuickLinkTableViewCell.xib */,
				5CA3C9421E92796200996612 /* AppStoreFooterTableViewCell.swift */,
				5CA3C9431E92796200996612 /* AppStoreFooterTableViewCell.xib */,
				5CA3C94A1E92864700996612 /* AppStoreLoadingTableViewCell.swift */,
				5CA3C94B1E92864700996612 /* AppStoreLoadingTableViewCell.xib */,
				5CA3C9461E927B2D00996612 /* AppStoreFeaturedAppCollectionViewCell.swift */,
				5CA3C9471E927B2D00996612 /* AppStoreFeaturedAppCollectionViewCell.xib */,
			);
			name = cells;
			sourceTree = "<group>";
		};
		5CA3C9361E92770100996612 /* Model */ = {
			isa = PBXGroup;
			children = (
				5CA3C9371E92770D00996612 /* AppStoreModels.swift */,
			);
			name = Model;
			sourceTree = "<group>";
		};
		5CA3C9391E92778E00996612 /* DataSources */ = {
			isa = PBXGroup;
			children = (
				542AF2091F8A6DF600B1847C /* AppStoreDataSource.swift */,
			);
			name = DataSources;
			sourceTree = "<group>";
		};
/* End PBXGroup section */

/* Begin PBXNativeTarget section */
		547447501CA93C1D00F3597E /* Example */ = {
			isa = PBXNativeTarget;
			buildConfigurationList = 5474477B1CA93C1D00F3597E /* Build configuration list for PBXNativeTarget "Example" */;
			buildPhases = (
				5474474D1CA93C1D00F3597E /* Sources */,
				5474474E1CA93C1D00F3597E /* Frameworks */,
				5474474F1CA93C1D00F3597E /* Resources */,
			);
			buildRules = (
			);
			dependencies = (
			);
			name = Example;
			productName = Example;
			productReference = 547447511CA93C1D00F3597E /* Example.app */;
			productType = "com.apple.product-type.application";
		};
/* End PBXNativeTarget section */

/* Begin PBXProject section */
		547447491CA93C1C00F3597E /* Project object */ = {
			isa = PBXProject;
			attributes = {
				LastSwiftUpdateCheck = 0730;
				LastUpgradeCheck = 0900;
				ORGANIZATIONNAME = "Mohamed Afifi";
				TargetAttributes = {
					547447501CA93C1D00F3597E = {
						CreatedOnToolsVersion = 7.3;
						LastSwiftMigration = 0800;
					};
				};
			};
			buildConfigurationList = 5474474C1CA93C1C00F3597E /* Build configuration list for PBXProject "Example" */;
			compatibilityVersion = "Xcode 3.2";
			developmentRegion = English;
			hasScannedForEncodings = 0;
			knownRegions = (
				en,
				Base,
			);
			mainGroup = 547447481CA93C1C00F3597E;
			productRefGroup = 547447521CA93C1D00F3597E /* Products */;
			projectDirPath = "";
			projectReferences = (
				{
					ProductGroup = 547447861CA93D1500F3597E /* Products */;
					ProjectRef = 547447851CA93D1500F3597E /* GenericDataSource.xcodeproj */;
				},
			);
			projectRoot = "";
			targets = (
				547447501CA93C1D00F3597E /* Example */,
			);
		};
/* End PBXProject section */

/* Begin PBXReferenceProxy section */
		5474478B1CA93D1500F3597E /* GenericDataSource.framework */ = {
			isa = PBXReferenceProxy;
			fileType = wrapper.framework;
			path = GenericDataSource.framework;
			remoteRef = 5474478A1CA93D1500F3597E /* PBXContainerItemProxy */;
			sourceTree = BUILT_PRODUCTS_DIR;
		};
		5474478D1CA93D1500F3597E /* GenericDataSourceTests.xctest */ = {
			isa = PBXReferenceProxy;
			fileType = wrapper.cfbundle;
			path = GenericDataSourceTests.xctest;
			remoteRef = 5474478C1CA93D1500F3597E /* PBXContainerItemProxy */;
			sourceTree = BUILT_PRODUCTS_DIR;
		};
/* End PBXReferenceProxy section */

/* Begin PBXResourcesBuildPhase section */
		5474474F1CA93C1D00F3597E /* Resources */ = {
			isa = PBXResourcesBuildPhase;
			buildActionMask = 2147483647;
			files = (
				5CA3C92D1E92730700996612 /* TitleCollectionViewCell.xib in Resources */,
				547447611CA93C1D00F3597E /* LaunchScreen.storyboard in Resources */,
				5CA3C9491E927B2D00996612 /* AppStoreFeaturedAppCollectionViewCell.xib in Resources */,
				5CA3C9211E926F6500996612 /* ContactCollectionViewCell.xib in Resources */,
				5CA3C9451E92796200996612 /* AppStoreFooterTableViewCell.xib in Resources */,
				5CA3C9411E9278F100996612 /* AppStoreQuickLinkTableViewCell.xib in Resources */,
				5CA3C93D1E92785B00996612 /* AppStoreQuickLinkLabelTableViewCell.xib in Resources */,
				5474475E1CA93C1D00F3597E /* Assets.xcassets in Resources */,
				5CA3C9351E92768B00996612 /* AppStoreFeaturedSectionTableViewCell.xib in Resources */,
				5CA3C94D1E92864700996612 /* AppStoreLoadingTableViewCell.xib in Resources */,
				5474475C1CA93C1D00F3597E /* Main.storyboard in Resources */,
			);
			runOnlyForDeploymentPostprocessing = 0;
		};
/* End PBXResourcesBuildPhase section */

/* Begin PBXSourcesBuildPhase section */
		5474474D1CA93C1D00F3597E /* Sources */ = {
			isa = PBXSourcesBuildPhase;
			buildActionMask = 2147483647;
			files = (
				5CA3C9381E92770D00996612 /* AppStoreModels.swift in Sources */,
				5CA3C9251E92719200996612 /* ColorCollectionViewCell.swift in Sources */,
				5CA3C93F1E9278B900996612 /* AppStoreQuickLinkTableViewCell.swift in Sources */,
				5CA3C9481E927B2D00996612 /* AppStoreFeaturedAppCollectionViewCell.swift in Sources */,
				549407231CB1A8D7007C565D /* MultipleAndSingleSectionsCollectionViewController.swift in Sources */,
				549407251CB1A94B007C565D /* TitleCollectionViewCell.swift in Sources */,
				5CA3C94C1E92864700996612 /* AppStoreLoadingTableViewCell.swift in Sources */,
				547447571CA93C1D00F3597E /* RootViewController.swift in Sources */,
				549407211CB19BF6007C565D /* AlertNameSelectionHandler.swift in Sources */,
				5CA3C92B1E92726D00996612 /* ColorTableViewCell.swift in Sources */,
				5494071E1CB19998007C565D /* ContactCollectionViewCell.swift in Sources */,
				547447551CA93C1D00F3597E /* AppDelegate.swift in Sources */,
				549407111CB14C14007C565D /* Service.swift in Sources */,
				549407151CB14F50007C565D /* SingleSectionTableViewController.swift in Sources */,
				5CA3C9441E92796200996612 /* AppStoreFooterTableViewCell.swift in Sources */,
				5CA3C9271E9271BC00996612 /* BasicTableViewCell.swift in Sources */,
				549407131CB14C85007C565D /* Model.swift in Sources */,
				549407271CB1AB24007C565D /* TitleDataSource.swift in Sources */,
				5CA3C9341E92768B00996612 /* AppStoreFeaturedSectionTableViewCell.swift in Sources */,
				5CA3C92F1E92752C00996612 /* AppStoreViewController.swift in Sources */,
				5494071C1CB197D4007C565D /* MultipleSectionsTableViewController.swift in Sources */,
				542AF20A1F8A6DF600B1847C /* AppStoreDataSource.swift in Sources */,
				549407171CB14F9B007C565D /* ContactsDataSource.swift in Sources */,
				5494070F1CB14235007C565D /* ColorsDataSource.swift in Sources */,
				5494070C1CB12D23007C565D /* ColorsCollectionVIewController.swift in Sources */,
				5CA3C93C1E92785B00996612 /* AppStoreQuickLinkLabelTableViewCell.swift in Sources */,
				5CA3C9291E92722000996612 /* ContactTableViewCell.swift in Sources */,
			);
			runOnlyForDeploymentPostprocessing = 0;
		};
/* End PBXSourcesBuildPhase section */

/* Begin PBXVariantGroup section */
		5474475A1CA93C1D00F3597E /* Main.storyboard */ = {
			isa = PBXVariantGroup;
			children = (
				5474475B1CA93C1D00F3597E /* Base */,
			);
			name = Main.storyboard;
			sourceTree = "<group>";
		};
		5474475F1CA93C1D00F3597E /* LaunchScreen.storyboard */ = {
			isa = PBXVariantGroup;
			children = (
				547447601CA93C1D00F3597E /* Base */,
			);
			name = LaunchScreen.storyboard;
			sourceTree = "<group>";
		};
/* End PBXVariantGroup section */

/* Begin XCBuildConfiguration section */
		547447791CA93C1D00F3597E /* Debug */ = {
			isa = XCBuildConfiguration;
			buildSettings = {
				ALWAYS_SEARCH_USER_PATHS = NO;
				CLANG_ANALYZER_NONNULL = YES;
				CLANG_CXX_LANGUAGE_STANDARD = "gnu++0x";
				CLANG_CXX_LIBRARY = "libc++";
				CLANG_ENABLE_MODULES = YES;
				CLANG_ENABLE_OBJC_ARC = YES;
				CLANG_WARN_BLOCK_CAPTURE_AUTORELEASING = YES;
				CLANG_WARN_BOOL_CONVERSION = YES;
				CLANG_WARN_COMMA = YES;
				CLANG_WARN_CONSTANT_CONVERSION = YES;
				CLANG_WARN_DIRECT_OBJC_ISA_USAGE = YES_ERROR;
				CLANG_WARN_EMPTY_BODY = YES;
				CLANG_WARN_ENUM_CONVERSION = YES;
				CLANG_WARN_INFINITE_RECURSION = YES;
				CLANG_WARN_INT_CONVERSION = YES;
				CLANG_WARN_NON_LITERAL_NULL_CONVERSION = YES;
				CLANG_WARN_OBJC_LITERAL_CONVERSION = YES;
				CLANG_WARN_OBJC_ROOT_CLASS = YES_ERROR;
				CLANG_WARN_RANGE_LOOP_ANALYSIS = YES;
				CLANG_WARN_STRICT_PROTOTYPES = YES;
				CLANG_WARN_SUSPICIOUS_MOVE = YES;
				CLANG_WARN_UNREACHABLE_CODE = YES;
				CLANG_WARN__DUPLICATE_METHOD_MATCH = YES;
				"CODE_SIGN_IDENTITY[sdk=iphoneos*]" = "iPhone Developer";
				COPY_PHASE_STRIP = NO;
				DEBUG_INFORMATION_FORMAT = dwarf;
				ENABLE_STRICT_OBJC_MSGSEND = YES;
				ENABLE_TESTABILITY = YES;
				GCC_C_LANGUAGE_STANDARD = gnu99;
				GCC_DYNAMIC_NO_PIC = NO;
				GCC_NO_COMMON_BLOCKS = YES;
				GCC_OPTIMIZATION_LEVEL = 0;
				GCC_PREPROCESSOR_DEFINITIONS = (
					"DEBUG=1",
					"$(inherited)",
				);
				GCC_WARN_64_TO_32_BIT_CONVERSION = YES;
				GCC_WARN_ABOUT_RETURN_TYPE = YES_ERROR;
				GCC_WARN_UNDECLARED_SELECTOR = YES;
				GCC_WARN_UNINITIALIZED_AUTOS = YES_AGGRESSIVE;
				GCC_WARN_UNUSED_FUNCTION = YES;
				GCC_WARN_UNUSED_VARIABLE = YES;
				IPHONEOS_DEPLOYMENT_TARGET = 9.3;
				MTL_ENABLE_DEBUG_INFO = YES;
				ONLY_ACTIVE_ARCH = YES;
				SDKROOT = iphoneos;
				SWIFT_OPTIMIZATION_LEVEL = "-Onone";
				TARGETED_DEVICE_FAMILY = "1,2";
			};
			name = Debug;
		};
		5474477A1CA93C1D00F3597E /* Release */ = {
			isa = XCBuildConfiguration;
			buildSettings = {
				ALWAYS_SEARCH_USER_PATHS = NO;
				CLANG_ANALYZER_NONNULL = YES;
				CLANG_CXX_LANGUAGE_STANDARD = "gnu++0x";
				CLANG_CXX_LIBRARY = "libc++";
				CLANG_ENABLE_MODULES = YES;
				CLANG_ENABLE_OBJC_ARC = YES;
				CLANG_WARN_BLOCK_CAPTURE_AUTORELEASING = YES;
				CLANG_WARN_BOOL_CONVERSION = YES;
				CLANG_WARN_COMMA = YES;
				CLANG_WARN_CONSTANT_CONVERSION = YES;
				CLANG_WARN_DIRECT_OBJC_ISA_USAGE = YES_ERROR;
				CLANG_WARN_EMPTY_BODY = YES;
				CLANG_WARN_ENUM_CONVERSION = YES;
				CLANG_WARN_INFINITE_RECURSION = YES;
				CLANG_WARN_INT_CONVERSION = YES;
				CLANG_WARN_NON_LITERAL_NULL_CONVERSION = YES;
				CLANG_WARN_OBJC_LITERAL_CONVERSION = YES;
				CLANG_WARN_OBJC_ROOT_CLASS = YES_ERROR;
				CLANG_WARN_RANGE_LOOP_ANALYSIS = YES;
				CLANG_WARN_STRICT_PROTOTYPES = YES;
				CLANG_WARN_SUSPICIOUS_MOVE = YES;
				CLANG_WARN_UNREACHABLE_CODE = YES;
				CLANG_WARN__DUPLICATE_METHOD_MATCH = YES;
				"CODE_SIGN_IDENTITY[sdk=iphoneos*]" = "iPhone Developer";
				COPY_PHASE_STRIP = NO;
				DEBUG_INFORMATION_FORMAT = "dwarf-with-dsym";
				ENABLE_NS_ASSERTIONS = NO;
				ENABLE_STRICT_OBJC_MSGSEND = YES;
				GCC_C_LANGUAGE_STANDARD = gnu99;
				GCC_NO_COMMON_BLOCKS = YES;
				GCC_WARN_64_TO_32_BIT_CONVERSION = YES;
				GCC_WARN_ABOUT_RETURN_TYPE = YES_ERROR;
				GCC_WARN_UNDECLARED_SELECTOR = YES;
				GCC_WARN_UNINITIALIZED_AUTOS = YES_AGGRESSIVE;
				GCC_WARN_UNUSED_FUNCTION = YES;
				GCC_WARN_UNUSED_VARIABLE = YES;
				IPHONEOS_DEPLOYMENT_TARGET = 9.3;
				MTL_ENABLE_DEBUG_INFO = NO;
				SDKROOT = iphoneos;
				SWIFT_OPTIMIZATION_LEVEL = "-Owholemodule";
				TARGETED_DEVICE_FAMILY = "1,2";
				VALIDATE_PRODUCT = YES;
			};
			name = Release;
		};
		5474477C1CA93C1D00F3597E /* Debug */ = {
			isa = XCBuildConfiguration;
			buildSettings = {
				ASSETCATALOG_COMPILER_APPICON_NAME = AppIcon;
				INFOPLIST_FILE = Example/Info.plist;
				IPHONEOS_DEPLOYMENT_TARGET = 8.0;
				LD_RUNPATH_SEARCH_PATHS = "$(inherited) @executable_path/Frameworks";
				PRODUCT_BUNDLE_IDENTIFIER = mohamede1945.Example;
				PRODUCT_NAME = "$(TARGET_NAME)";
				SWIFT_VERSION = 3.0;
			};
			name = Debug;
		};
		5474477D1CA93C1D00F3597E /* Release */ = {
			isa = XCBuildConfiguration;
			buildSettings = {
				ASSETCATALOG_COMPILER_APPICON_NAME = AppIcon;
				INFOPLIST_FILE = Example/Info.plist;
				IPHONEOS_DEPLOYMENT_TARGET = 8.0;
				LD_RUNPATH_SEARCH_PATHS = "$(inherited) @executable_path/Frameworks";
				PRODUCT_BUNDLE_IDENTIFIER = mohamede1945.Example;
				PRODUCT_NAME = "$(TARGET_NAME)";
				SWIFT_VERSION = 3.0;
			};
			name = Release;
		};
/* End XCBuildConfiguration section */

/* Begin XCConfigurationList section */
		5474474C1CA93C1C00F3597E /* Build configuration list for PBXProject "Example" */ = {
			isa = XCConfigurationList;
			buildConfigurations = (
				547447791CA93C1D00F3597E /* Debug */,
				5474477A1CA93C1D00F3597E /* Release */,
			);
			defaultConfigurationIsVisible = 0;
			defaultConfigurationName = Release;
		};
		5474477B1CA93C1D00F3597E /* Build configuration list for PBXNativeTarget "Example" */ = {
			isa = XCConfigurationList;
			buildConfigurations = (
				5474477C1CA93C1D00F3597E /* Debug */,
				5474477D1CA93C1D00F3597E /* Release */,
			);
			defaultConfigurationIsVisible = 0;
			defaultConfigurationName = Release;
		};
/* End XCConfigurationList section */
	};
	rootObject = 547447491CA93C1C00F3597E /* Project object */;
}
